
Microsoft Visual Studio Solution File, Format Version 12.00
# Visual Studio 15
VisualStudioVersion = 15.0.27428.2037
MinimumVisualStudioVersion = 10.0.40219.1
Project("{FAE04EC0-301F-11D3-BF4B-00C04F79EFBC}") = "CSVImport", "CSVImport\CSVImport.csproj", "{662DA766-41F7-4A77-A15D-DD6A17D1123D}"
EndProject
Project("{FAE04EC0-301F-11D3-BF4B-00C04F79EFBC}") = "CSVImport.Tests", "CSVImport.Tests\CSVImport.Tests.csproj", "{FFD50470-2B73-4082-9154-3C92CCE3E7F5}"
EndProject
Global
	GlobalSection(SolutionConfigurationPlatforms) = preSolution
		Debug|Any CPU = Debug|Any CPU
		Release|Any CPU = Release|Any CPU
	EndGlobalSection
	GlobalSection(ProjectConfigurationPlatforms) = postSolution
		{662DA766-41F7-4A77-A15D-DD6A17D1123D}.Debug|Any CPU.ActiveCfg = Debug|Any CPU
		{662DA766-41F7-4A77-A15D-DD6A17D1123D}.Debug|Any CPU.Build.0 = Debug|Any CPU
		{662DA766-41F7-4A77-A15D-DD6A17D1123D}.Release|Any CPU.ActiveCfg = Release|Any CPU
		{662DA766-41F7-4A77-A15D-DD6A17D1123D}.Release|Any CPU.Build.0 = Release|Any CPU
		{FFD50470-2B73-4082-9154-3C92CCE3E7F5}.Debug|Any CPU.ActiveCfg = Debug|Any CPU
		{FFD50470-2B73-4082-9154-3C92CCE3E7F5}.Debug|Any CPU.Build.0 = Debug|Any CPU
		{FFD50470-2B73-4082-9154-3C92CCE3E7F5}.Release|Any CPU.ActiveCfg = Release|Any CPU
		{FFD50470-2B73-4082-9154-3C92CCE3E7F5}.Release|Any CPU.Build.0 = Release|Any CPU
	EndGlobalSection
	GlobalSection(SolutionProperties) = preSolution
		HideSolutionNode = FALSE
	EndGlobalSection
	GlobalSection(ExtensibilityGlobals) = postSolution
		SolutionGuid = {32FA3008-7970-48FE-B815-88EA0ADB2F4B}
	EndGlobalSection
EndGlobal
